
Microsoft Visual Studio Solution File, Format Version 12.00
# Visual Studio Version 17
VisualStudioVersion = 17.7.34221.43
MinimumVisualStudioVersion = 10.0.40219.1
Project("{9A19103F-16F7-4668-BE54-9A1E7A4F7556}") = "BGNet.TestAssignment.Api", "eLibrary\BGNet.TestAssignment.Api.csproj", "{CC94EC26-1498-430B-B082-B4640DE0BEA5}"
	ProjectSection(ProjectDependencies) = postProject
		{E3EBDBDB-FB59-431F-A062-F6823EEF9C3C} = {E3EBDBDB-FB59-431F-A062-F6823EEF9C3C}
	EndProjectSection
EndProject
Project("{9A19103F-16F7-4668-BE54-9A1E7A4F7556}") = "BGNet.TestAssignment.BusinessLogic", "BGNet.TestAssignment.BusinessLogic\BGNet.TestAssignment.BusinessLogic.csproj", "{4426BF87-851A-43E2-BE60-4F08713C2599}"
EndProject
Project("{9A19103F-16F7-4668-BE54-9A1E7A4F7556}") = "BGNet.TestAssignment.Common", "BGNet.TestAssignment.Common\BGNet.TestAssignment.Common.csproj", "{E3EBDBDB-FB59-431F-A062-F6823EEF9C3C}"
EndProject
Project("{9A19103F-16F7-4668-BE54-9A1E7A4F7556}") = "BGNet.TestAssignment.DataAccess", "BGNet.TestAssignment.DataAccess\BGNet.TestAssignment.DataAccess.csproj", "{53BBDDBE-FD67-4C0C-8F9B-BDDA07245862}"
EndProject
Project("{9A19103F-16F7-4668-BE54-9A1E7A4F7556}") = "BGNet.TestAssignment.DatabaseMigrator", "BGNet.TestAssignment.DatabaseMigrator\BGNet.TestAssignment.DatabaseMigrator.csproj", "{1D97E3F0-EA11-4273-818E-584CFE66DEBC}"
EndProject
Project("{9A19103F-16F7-4668-BE54-9A1E7A4F7556}") = "BGNet.TestAssignment.Models", "BGNet.TestAssignment.Models\BGNet.TestAssignment.Models.csproj", "{9C96C293-88B5-4069-A0E4-9C9693F0A0D5}"
EndProject
Global
	GlobalSection(SolutionConfigurationPlatforms) = preSolution
		Debug|Any CPU = Debug|Any CPU
		Release|Any CPU = Release|Any CPU
	EndGlobalSection
	GlobalSection(ProjectConfigurationPlatforms) = postSolution
		{CC94EC26-1498-430B-B082-B4640DE0BEA5}.Debug|Any CPU.ActiveCfg = Debug|Any CPU
		{CC94EC26-1498-430B-B082-B4640DE0BEA5}.Debug|Any CPU.Build.0 = Debug|Any CPU
		{CC94EC26-1498-430B-B082-B4640DE0BEA5}.Release|Any CPU.ActiveCfg = Release|Any CPU
		{CC94EC26-1498-430B-B082-B4640DE0BEA5}.Release|Any CPU.Build.0 = Release|Any CPU
		{4426BF87-851A-43E2-BE60-4F08713C2599}.Debug|Any CPU.ActiveCfg = Debug|Any CPU
		{4426BF87-851A-43E2-BE60-4F08713C2599}.Debug|Any CPU.Build.0 = Debug|Any CPU
		{4426BF87-851A-43E2-BE60-4F08713C2599}.Release|Any CPU.ActiveCfg = Release|Any CPU
		{4426BF87-851A-43E2-BE60-4F08713C2599}.Release|Any CPU.Build.0 = Release|Any CPU
		{E3EBDBDB-FB59-431F-A062-F6823EEF9C3C}.Debug|Any CPU.ActiveCfg = Debug|Any CPU
		{E3EBDBDB-FB59-431F-A062-F6823EEF9C3C}.Debug|Any CPU.Build.0 = Debug|Any CPU
		{E3EBDBDB-FB59-431F-A062-F6823EEF9C3C}.Release|Any CPU.ActiveCfg = Release|Any CPU
		{E3EBDBDB-FB59-431F-A062-F6823EEF9C3C}.Release|Any CPU.Build.0 = Release|Any CPU
		{53BBDDBE-FD67-4C0C-8F9B-BDDA07245862}.Debug|Any CPU.ActiveCfg = Debug|Any CPU
		{53BBDDBE-FD67-4C0C-8F9B-BDDA07245862}.Debug|Any CPU.Build.0 = Debug|Any CPU
		{53BBDDBE-FD67-4C0C-8F9B-BDDA07245862}.Release|Any CPU.ActiveCfg = Release|Any CPU
		{53BBDDBE-FD67-4C0C-8F9B-BDDA07245862}.Release|Any CPU.Build.0 = Release|Any CPU
		{1D97E3F0-EA11-4273-818E-584CFE66DEBC}.Debug|Any CPU.ActiveCfg = Debug|Any CPU
		{1D97E3F0-EA11-4273-818E-584CFE66DEBC}.Debug|Any CPU.Build.0 = Debug|Any CPU
		{1D97E3F0-EA11-4273-818E-584CFE66DEBC}.Release|Any CPU.ActiveCfg = Release|Any CPU
		{1D97E3F0-EA11-4273-818E-584CFE66DEBC}.Release|Any CPU.Build.0 = Release|Any CPU
		{9C96C293-88B5-4069-A0E4-9C9693F0A0D5}.Debug|Any CPU.ActiveCfg = Debug|Any CPU
		{9C96C293-88B5-4069-A0E4-9C9693F0A0D5}.Debug|Any CPU.Build.0 = Debug|Any CPU
		{9C96C293-88B5-4069-A0E4-9C9693F0A0D5}.Release|Any CPU.ActiveCfg = Release|Any CPU
		{9C96C293-88B5-4069-A0E4-9C9693F0A0D5}.Release|Any CPU.Build.0 = Release|Any CPU
	EndGlobalSection
	GlobalSection(SolutionProperties) = preSolution
		HideSolutionNode = FALSE
	EndGlobalSection
	GlobalSection(ExtensibilityGlobals) = postSolution
		SolutionGuid = {253CBCF9-6DBD-4AE3-955B-841999E095CB}
	EndGlobalSection
EndGlobal
